
Microsoft Visual Studio Solution File, Format Version 12.00
Project("{2150E333-8FDC-42A3-9474-1A3956D46DE8}") = "tree", "tree", "{D1ED8978-305E-4CD1-A0B5-3B5AECD8BBFE}"
EndProject
Project("{FAE04EC0-301F-11D3-BF4B-00C04F79EFBC}") = "Tree", "tree\Tree\Tree.csproj", "{C294BF78-927E-42F4-896F-2B34D541CF16}"
EndProject
Project("{FAE04EC0-301F-11D3-BF4B-00C04F79EFBC}") = "TreeTest", "tree\TreeTest\TreeTest.csproj", "{963A5AC0-7417-4D69-8C14-751C4F6616CD}"
EndProject
Project("{2150E333-8FDC-42A3-9474-1A3956D46DE8}") = "BST", "BST", "{D6DC1496-5974-47D1-B6F7-421EBD66BFDD}"
EndProject
Project("{FAE04EC0-301F-11D3-BF4B-00C04F79EFBC}") = "BST", "BSD\BST\BST.csproj", "{6A35E092-58F4-4516-8F1C-1B91CE4959C5}"
EndProject
Project("{FAE04EC0-301F-11D3-BF4B-00C04F79EFBC}") = "BSTTest", "BSD\BSTTest\BSTTest.csproj", "{DE688576-C19B-4244-8E48-FC38C78FDBD2}"
EndProject
Project("{2150E333-8FDC-42A3-9474-1A3956D46DE8}") = "ArrayTree", "ArrayTree", "{BD824A88-7727-4175-84AF-F43D8C157FDD}"
EndProject
Project("{FAE04EC0-301F-11D3-BF4B-00C04F79EFBC}") = "aBST", "aBST\aBST\aBST.csproj", "{8B0E0F4C-B52E-4EDF-BF8C-C6719417D35C}"
EndProject
Project("{FAE04EC0-301F-11D3-BF4B-00C04F79EFBC}") = "aBSTtree", "ArrayTree\aBSTtree\aBSTtree.csproj", "{7F786B3D-4D1E-4DFC-90D1-764412E51E39}"
EndProject
Project("{2150E333-8FDC-42A3-9474-1A3956D46DE8}") = "BBSTArray", "BBSTArray", "{7E76A8A1-E82F-4BE8-9395-062BD372055F}"
EndProject
Project("{FAE04EC0-301F-11D3-BF4B-00C04F79EFBC}") = "BBSTArray", "BBSTArray\BBSTArray\BBSTArray.csproj", "{73BF6DBB-B474-4196-B74D-10CBA94AAAB4}"
EndProject
Project("{FAE04EC0-301F-11D3-BF4B-00C04F79EFBC}") = "BBSTArrayTest", "BBSTArray\BBSTArrayTest\BBSTArrayTest.csproj", "{6750CBAD-0ADB-4C7B-93AE-26F15B5C749E}"
EndProject
Project("{2150E333-8FDC-42A3-9474-1A3956D46DE8}") = "BalancedBST", "BalancedBST", "{C71E0F29-8328-4C61-981C-721FD7813E08}"
EndProject
Project("{FAE04EC0-301F-11D3-BF4B-00C04F79EFBC}") = "BalancedBST", "BalancedBST\BalancedBST\BalancedBST.csproj", "{3A555DEC-8A4E-4CEC-BC45-C793624C1F4B}"
EndProject
Project("{FAE04EC0-301F-11D3-BF4B-00C04F79EFBC}") = "BalancedBSTTest", "BalancedBST\BalancedBSTTest\BalancedBSTTest.csproj", "{5562C0FE-4170-4EB8-A0C2-8C01AE66AD21}"
EndProject
Global
	GlobalSection(SolutionConfigurationPlatforms) = preSolution
		Debug|Any CPU = Debug|Any CPU
		Release|Any CPU = Release|Any CPU
	EndGlobalSection
	GlobalSection(NestedProjects) = preSolution
		{C294BF78-927E-42F4-896F-2B34D541CF16} = {D1ED8978-305E-4CD1-A0B5-3B5AECD8BBFE}
		{963A5AC0-7417-4D69-8C14-751C4F6616CD} = {D1ED8978-305E-4CD1-A0B5-3B5AECD8BBFE}
		{6A35E092-58F4-4516-8F1C-1B91CE4959C5} = {D6DC1496-5974-47D1-B6F7-421EBD66BFDD}
		{DE688576-C19B-4244-8E48-FC38C78FDBD2} = {D6DC1496-5974-47D1-B6F7-421EBD66BFDD}
		{8B0E0F4C-B52E-4EDF-BF8C-C6719417D35C} = {BD824A88-7727-4175-84AF-F43D8C157FDD}
		{7F786B3D-4D1E-4DFC-90D1-764412E51E39} = {BD824A88-7727-4175-84AF-F43D8C157FDD}
		{73BF6DBB-B474-4196-B74D-10CBA94AAAB4} = {7E76A8A1-E82F-4BE8-9395-062BD372055F}
		{6750CBAD-0ADB-4C7B-93AE-26F15B5C749E} = {7E76A8A1-E82F-4BE8-9395-062BD372055F}
		{3A555DEC-8A4E-4CEC-BC45-C793624C1F4B} = {C71E0F29-8328-4C61-981C-721FD7813E08}
		{5562C0FE-4170-4EB8-A0C2-8C01AE66AD21} = {C71E0F29-8328-4C61-981C-721FD7813E08}
	EndGlobalSection
	GlobalSection(ProjectConfigurationPlatforms) = postSolution
		{C294BF78-927E-42F4-896F-2B34D541CF16}.Debug|Any CPU.ActiveCfg = Debug|Any CPU
		{C294BF78-927E-42F4-896F-2B34D541CF16}.Debug|Any CPU.Build.0 = Debug|Any CPU
		{C294BF78-927E-42F4-896F-2B34D541CF16}.Release|Any CPU.ActiveCfg = Release|Any CPU
		{C294BF78-927E-42F4-896F-2B34D541CF16}.Release|Any CPU.Build.0 = Release|Any CPU
		{963A5AC0-7417-4D69-8C14-751C4F6616CD}.Debug|Any CPU.ActiveCfg = Debug|Any CPU
		{963A5AC0-7417-4D69-8C14-751C4F6616CD}.Debug|Any CPU.Build.0 = Debug|Any CPU
		{963A5AC0-7417-4D69-8C14-751C4F6616CD}.Release|Any CPU.ActiveCfg = Release|Any CPU
		{963A5AC0-7417-4D69-8C14-751C4F6616CD}.Release|Any CPU.Build.0 = Release|Any CPU
		{6A35E092-58F4-4516-8F1C-1B91CE4959C5}.Debug|Any CPU.ActiveCfg = Debug|Any CPU
		{6A35E092-58F4-4516-8F1C-1B91CE4959C5}.Debug|Any CPU.Build.0 = Debug|Any CPU
		{6A35E092-58F4-4516-8F1C-1B91CE4959C5}.Release|Any CPU.ActiveCfg = Release|Any CPU
		{6A35E092-58F4-4516-8F1C-1B91CE4959C5}.Release|Any CPU.Build.0 = Release|Any CPU
		{DE688576-C19B-4244-8E48-FC38C78FDBD2}.Debug|Any CPU.ActiveCfg = Debug|Any CPU
		{DE688576-C19B-4244-8E48-FC38C78FDBD2}.Debug|Any CPU.Build.0 = Debug|Any CPU
		{DE688576-C19B-4244-8E48-FC38C78FDBD2}.Release|Any CPU.ActiveCfg = Release|Any CPU
		{DE688576-C19B-4244-8E48-FC38C78FDBD2}.Release|Any CPU.Build.0 = Release|Any CPU
		{8B0E0F4C-B52E-4EDF-BF8C-C6719417D35C}.Debug|Any CPU.ActiveCfg = Debug|Any CPU
		{8B0E0F4C-B52E-4EDF-BF8C-C6719417D35C}.Debug|Any CPU.Build.0 = Debug|Any CPU
		{8B0E0F4C-B52E-4EDF-BF8C-C6719417D35C}.Release|Any CPU.ActiveCfg = Release|Any CPU
		{8B0E0F4C-B52E-4EDF-BF8C-C6719417D35C}.Release|Any CPU.Build.0 = Release|Any CPU
		{7F786B3D-4D1E-4DFC-90D1-764412E51E39}.Debug|Any CPU.ActiveCfg = Debug|Any CPU
		{7F786B3D-4D1E-4DFC-90D1-764412E51E39}.Debug|Any CPU.Build.0 = Debug|Any CPU
		{7F786B3D-4D1E-4DFC-90D1-764412E51E39}.Release|Any CPU.ActiveCfg = Release|Any CPU
		{7F786B3D-4D1E-4DFC-90D1-764412E51E39}.Release|Any CPU.Build.0 = Release|Any CPU
		{73BF6DBB-B474-4196-B74D-10CBA94AAAB4}.Debug|Any CPU.ActiveCfg = Debug|Any CPU
		{73BF6DBB-B474-4196-B74D-10CBA94AAAB4}.Debug|Any CPU.Build.0 = Debug|Any CPU
		{73BF6DBB-B474-4196-B74D-10CBA94AAAB4}.Release|Any CPU.ActiveCfg = Release|Any CPU
		{73BF6DBB-B474-4196-B74D-10CBA94AAAB4}.Release|Any CPU.Build.0 = Release|Any CPU
		{6750CBAD-0ADB-4C7B-93AE-26F15B5C749E}.Debug|Any CPU.ActiveCfg = Debug|Any CPU
		{6750CBAD-0ADB-4C7B-93AE-26F15B5C749E}.Debug|Any CPU.Build.0 = Debug|Any CPU
		{6750CBAD-0ADB-4C7B-93AE-26F15B5C749E}.Release|Any CPU.ActiveCfg = Release|Any CPU
		{6750CBAD-0ADB-4C7B-93AE-26F15B5C749E}.Release|Any CPU.Build.0 = Release|Any CPU
		{3A555DEC-8A4E-4CEC-BC45-C793624C1F4B}.Debug|Any CPU.ActiveCfg = Debug|Any CPU
		{3A555DEC-8A4E-4CEC-BC45-C793624C1F4B}.Debug|Any CPU.Build.0 = Debug|Any CPU
		{3A555DEC-8A4E-4CEC-BC45-C793624C1F4B}.Release|Any CPU.ActiveCfg = Release|Any CPU
		{3A555DEC-8A4E-4CEC-BC45-C793624C1F4B}.Release|Any CPU.Build.0 = Release|Any CPU
		{5562C0FE-4170-4EB8-A0C2-8C01AE66AD21}.Debug|Any CPU.ActiveCfg = Debug|Any CPU
		{5562C0FE-4170-4EB8-A0C2-8C01AE66AD21}.Debug|Any CPU.Build.0 = Debug|Any CPU
		{5562C0FE-4170-4EB8-A0C2-8C01AE66AD21}.Release|Any CPU.ActiveCfg = Release|Any CPU
		{5562C0FE-4170-4EB8-A0C2-8C01AE66AD21}.Release|Any CPU.Build.0 = Release|Any CPU
	EndGlobalSection
EndGlobal
